
Microsoft Visual Studio Solution File, Format Version 12.00
Project("{FAE04EC0-301F-11D3-BF4B-00C04F79EFBC}") = "WatcherEye.Core", "src\WatcherEye.Core\WatcherEye.Core.csproj", "{55E92250-8516-4964-896C-4000286892AB}"
EndProject
Project("{2150E333-8FDC-42A3-9474-1A3956D46DE8}") = "src", "src", "{D3FAF387-2AA1-40F3-8D4C-5755049594B7}"
EndProject
Project("{FAE04EC0-301F-11D3-BF4B-00C04F79EFBC}") = "WatcherEye.Console", "src\WatcherEye.Console\WatcherEye.Console.csproj", "{15F6C7DD-A4E5-4D7C-BD23-EB1CA36338C9}"
EndProject
Global
	GlobalSection(SolutionConfigurationPlatforms) = preSolution
		Debug|Any CPU = Debug|Any CPU
		Release|Any CPU = Release|Any CPU
	EndGlobalSection
	GlobalSection(ProjectConfigurationPlatforms) = postSolution
		{55E92250-8516-4964-896C-4000286892AB}.Debug|Any CPU.ActiveCfg = Debug|Any CPU
		{55E92250-8516-4964-896C-4000286892AB}.Debug|Any CPU.Build.0 = Debug|Any CPU
		{55E92250-8516-4964-896C-4000286892AB}.Release|Any CPU.ActiveCfg = Release|Any CPU
		{55E92250-8516-4964-896C-4000286892AB}.Release|Any CPU.Build.0 = Release|Any CPU
		{15F6C7DD-A4E5-4D7C-BD23-EB1CA36338C9}.Debug|Any CPU.ActiveCfg = Debug|Any CPU
		{15F6C7DD-A4E5-4D7C-BD23-EB1CA36338C9}.Debug|Any CPU.Build.0 = Debug|Any CPU
		{15F6C7DD-A4E5-4D7C-BD23-EB1CA36338C9}.Release|Any CPU.ActiveCfg = Release|Any CPU
		{15F6C7DD-A4E5-4D7C-BD23-EB1CA36338C9}.Release|Any CPU.Build.0 = Release|Any CPU
	EndGlobalSection
	GlobalSection(NestedProjects) = preSolution
		{55E92250-8516-4964-896C-4000286892AB} = {D3FAF387-2AA1-40F3-8D4C-5755049594B7}
		{15F6C7DD-A4E5-4D7C-BD23-EB1CA36338C9} = {D3FAF387-2AA1-40F3-8D4C-5755049594B7}
	EndGlobalSection
EndGlobal
